
Microsoft Visual Studio Solution File, Format Version 12.00
# Visual Studio Version 16
VisualStudioVersion = 16.0.30320.27
MinimumVisualStudioVersion = 10.0.40219.1
Project("{9A19103F-16F7-4668-BE54-9A1E7A4F7556}") = "Demo01", "Demo01\Demo01.csproj", "{4E3308C3-3C07-433D-94C0-9928BC0581A1}"
EndProject
Project("{FAE04EC0-301F-11D3-BF4B-00C04F79EFBC}") = "Demo02", "Demo02\Demo02.csproj", "{C708FDAF-B3C9-4567-85CA-340CD7FC390E}"
EndProject
Project("{FAE04EC0-301F-11D3-BF4B-00C04F79EFBC}") = "Demo03", "Demo03\Demo03.csproj", "{107BE83B-CB70-4876-911A-C333A3CFB4F0}"
EndProject
Project("{FAE04EC0-301F-11D3-BF4B-00C04F79EFBC}") = "Demo04", "Demo04\Demo04.csproj", "{89693009-276B-4E1E-B325-1FA32FFE958E}"
EndProject
Project("{FAE04EC0-301F-11D3-BF4B-00C04F79EFBC}") = "Demo05", "Demo05\Demo05.csproj", "{F70B65D4-DAC0-4EF7-BC36-24748888F4BD}"
EndProject
Global
	GlobalSection(SolutionConfigurationPlatforms) = preSolution
		Debug|Any CPU = Debug|Any CPU
		Release|Any CPU = Release|Any CPU
	EndGlobalSection
	GlobalSection(ProjectConfigurationPlatforms) = postSolution
		{4E3308C3-3C07-433D-94C0-9928BC0581A1}.Debug|Any CPU.ActiveCfg = Debug|Any CPU
		{4E3308C3-3C07-433D-94C0-9928BC0581A1}.Debug|Any CPU.Build.0 = Debug|Any CPU
		{4E3308C3-3C07-433D-94C0-9928BC0581A1}.Release|Any CPU.ActiveCfg = Release|Any CPU
		{4E3308C3-3C07-433D-94C0-9928BC0581A1}.Release|Any CPU.Build.0 = Release|Any CPU
		{C708FDAF-B3C9-4567-85CA-340CD7FC390E}.Debug|Any CPU.ActiveCfg = Debug|Any CPU
		{C708FDAF-B3C9-4567-85CA-340CD7FC390E}.Debug|Any CPU.Build.0 = Debug|Any CPU
		{C708FDAF-B3C9-4567-85CA-340CD7FC390E}.Release|Any CPU.ActiveCfg = Release|Any CPU
		{C708FDAF-B3C9-4567-85CA-340CD7FC390E}.Release|Any CPU.Build.0 = Release|Any CPU
		{107BE83B-CB70-4876-911A-C333A3CFB4F0}.Debug|Any CPU.ActiveCfg = Debug|Any CPU
		{107BE83B-CB70-4876-911A-C333A3CFB4F0}.Debug|Any CPU.Build.0 = Debug|Any CPU
		{107BE83B-CB70-4876-911A-C333A3CFB4F0}.Release|Any CPU.ActiveCfg = Release|Any CPU
		{107BE83B-CB70-4876-911A-C333A3CFB4F0}.Release|Any CPU.Build.0 = Release|Any CPU
		{89693009-276B-4E1E-B325-1FA32FFE958E}.Debug|Any CPU.ActiveCfg = Debug|Any CPU
		{89693009-276B-4E1E-B325-1FA32FFE958E}.Debug|Any CPU.Build.0 = Debug|Any CPU
		{89693009-276B-4E1E-B325-1FA32FFE958E}.Release|Any CPU.ActiveCfg = Release|Any CPU
		{89693009-276B-4E1E-B325-1FA32FFE958E}.Release|Any CPU.Build.0 = Release|Any CPU
		{F70B65D4-DAC0-4EF7-BC36-24748888F4BD}.Debug|Any CPU.ActiveCfg = Debug|Any CPU
		{F70B65D4-DAC0-4EF7-BC36-24748888F4BD}.Debug|Any CPU.Build.0 = Debug|Any CPU
		{F70B65D4-DAC0-4EF7-BC36-24748888F4BD}.Release|Any CPU.ActiveCfg = Release|Any CPU
		{F70B65D4-DAC0-4EF7-BC36-24748888F4BD}.Release|Any CPU.Build.0 = Release|Any CPU
	EndGlobalSection
	GlobalSection(SolutionProperties) = preSolution
		HideSolutionNode = FALSE
	EndGlobalSection
	GlobalSection(ExtensibilityGlobals) = postSolution
		SolutionGuid = {2187C0D6-17AF-43E2-8119-1D0D9A02510D}
	EndGlobalSection
EndGlobal
