
Microsoft Visual Studio Solution File, Format Version 12.00
# Visual Studio Version 16
VisualStudioVersion = 16.0.30413.136
MinimumVisualStudioVersion = 10.0.40219.1
Project("{FAE04EC0-301F-11D3-BF4B-00C04F79EFBC}") = "Demo01", "Demo01\Demo01.csproj", "{F5E07FC5-EF81-43F5-9BD1-799017CE076B}"
EndProject
Global
	GlobalSection(SolutionConfigurationPlatforms) = preSolution
		Debug|Any CPU = Debug|Any CPU
		Release|Any CPU = Release|Any CPU
	EndGlobalSection
	GlobalSection(ProjectConfigurationPlatforms) = postSolution
		{F5E07FC5-EF81-43F5-9BD1-799017CE076B}.Debug|Any CPU.ActiveCfg = Debug|Any CPU
		{F5E07FC5-EF81-43F5-9BD1-799017CE076B}.Debug|Any CPU.Build.0 = Debug|Any CPU
		{F5E07FC5-EF81-43F5-9BD1-799017CE076B}.Release|Any CPU.ActiveCfg = Release|Any CPU
		{F5E07FC5-EF81-43F5-9BD1-799017CE076B}.Release|Any CPU.Build.0 = Release|Any CPU
	EndGlobalSection
	GlobalSection(SolutionProperties) = preSolution
		HideSolutionNode = FALSE
	EndGlobalSection
	GlobalSection(ExtensibilityGlobals) = postSolution
		SolutionGuid = {F123ED22-23BA-4F29-8615-3D4E7373834B}
	EndGlobalSection
EndGlobal
